{
  "name": "elm-expenses",
  "lockfileVersion": 3,
  "requires": true,
  "packages": {
    "": {
      "dependencies": {
        "pouchdb-browser": "^8.0.1"
      }
    },
    "node_modules/immediate": {
      "version": "3.3.0",
      "resolved": "https://registry.npmjs.org/immediate/-/immediate-3.3.0.tgz",
      "integrity": "sha512-HR7EVodfFUdQCTIeySw+WDRFJlPcLOJbXfwwZ7Oom6tjsvZ3bOkCDJHehQC3nxJrv7+f9XecwazynjU8e4Vw3Q=="
    },
    "node_modules/pouchdb-browser": {
      "version": "8.0.1",
      "resolved": "https://registry.npmjs.org/pouchdb-browser/-/pouchdb-browser-8.0.1.tgz",
      "integrity": "sha512-wXObS1Layd/gBRKwa6EBS99tFY9G3VPaMRu8ffWCohkpi9PZCm3z1xeB4P4S9Qecf0u5so+rxvbVVyTtgdhvaQ==",
      "dependencies": {
        "immediate": "3.3.0",
        "spark-md5": "3.0.2",
        "uuid": "8.3.2",
        "vuvuzela": "1.0.3"
      }
    },
    "node_modules/spark-md5": {
      "version": "3.0.2",
      "resolved": "https://registry.npmjs.org/spark-md5/-/spark-md5-3.0.2.tgz",
      "integrity": "sha512-wcFzz9cDfbuqe0FZzfi2or1sgyIrsDwmPwfZC4hiNidPdPINjeUwNfv5kldczoEAcjl9Y1L3SM7Uz2PUEQzxQw=="
    },
    "node_modules/uuid": {
      "version": "8.3.2",
      "resolved": "https://registry.npmjs.org/uuid/-/uuid-8.3.2.tgz",
      "integrity": "sha512-+NYs2QeMWy+GWFOEm9xnn6HCDp0l7QBD7ml8zLUmJ+93Q5NF0NocErnwkTkXVFNiX3/fpC6afS8Dhb/gz7R7eg==",
      "bin": {
        "uuid": "dist/bin/uuid"
      }
    },
    "node_modules/vuvuzela": {
      "version": "1.0.3",
      "resolved": "https://registry.npmjs.org/vuvuzela/-/vuvuzela-1.0.3.tgz",
      "integrity": "sha512-Tm7jR1xTzBbPW+6y1tknKiEhz04Wf/1iZkcTJjSFcpNko43+dFW6+OOeQe9taJIug3NdfUAjFKgUSyQrIKaDvQ=="
    }
  }
}
